
Microsoft Visual Studio Solution File, Format Version 12.00
# Visual Studio 15
VisualStudioVersion = 15.0.28307.421
MinimumVisualStudioVersion = 10.0.40219.1
Project("{FAE04EC0-301F-11D3-BF4B-00C04F79EFBC}") = "TestBDSpaceTraders", "E:\Поптыка 2 (Список товаров - трюм)\TestBDSpaceTraders\TestBDSpaceTraders.csproj", "{439CAAF8-0662-4EE5-8971-495CB85A5749}"
EndProject
Global
	GlobalSection(SolutionConfigurationPlatforms) = preSolution
		Debug|Any CPU = Debug|Any CPU
		Release|Any CPU = Release|Any CPU
	EndGlobalSection
	GlobalSection(ProjectConfigurationPlatforms) = postSolution
		{439CAAF8-0662-4EE5-8971-495CB85A5749}.Debug|Any CPU.ActiveCfg = Debug|Any CPU
		{439CAAF8-0662-4EE5-8971-495CB85A5749}.Debug|Any CPU.Build.0 = Debug|Any CPU
		{439CAAF8-0662-4EE5-8971-495CB85A5749}.Release|Any CPU.ActiveCfg = Release|Any CPU
		{439CAAF8-0662-4EE5-8971-495CB85A5749}.Release|Any CPU.Build.0 = Release|Any CPU
	EndGlobalSection
	GlobalSection(SolutionProperties) = preSolution
		HideSolutionNode = FALSE
	EndGlobalSection
	GlobalSection(ExtensibilityGlobals) = postSolution
		SolutionGuid = {CAEA50D8-B3DD-4107-AEB5-9F5B07D3D1A4}
	EndGlobalSection
EndGlobal
